// !$*UTF8*$!
{
	archiveVersion = 1;
	classes = {
	};
	objectVersion = 55;
	objects = {

/* Begin PBXBuildFile section */
		184EFD4A27C876D400096DBA /* MovieGridViewController.swift in Sources */ = {isa = PBXBuildFile; fileRef = 184EFD4927C876D400096DBA /* MovieGridViewController.swift */; };
		184EFD4C27C882BD00096DBA /* MovieGridCell.swift in Sources */ = {isa = PBXBuildFile; fileRef = 184EFD4B27C882BD00096DBA /* MovieGridCell.swift */; };
		18A3099627C29A7F003BECFF /* AppDelegate.swift in Sources */ = {isa = PBXBuildFile; fileRef = 18A3099527C29A7F003BECFF /* AppDelegate.swift */; };
		18A3099827C29A7F003BECFF /* SceneDelegate.swift in Sources */ = {isa = PBXBuildFile; fileRef = 18A3099727C29A7F003BECFF /* SceneDelegate.swift */; };
		18A3099A27C29A7F003BECFF /* MoviesViewController.swift in Sources */ = {isa = PBXBuildFile; fileRef = 18A3099927C29A7F003BECFF /* MoviesViewController.swift */; };
		18A3099D27C29A7F003BECFF /* Main.storyboard in Resources */ = {isa = PBXBuildFile; fileRef = 18A3099B27C29A7F003BECFF /* Main.storyboard */; };
		18A3099F27C29A80003BECFF /* Assets.xcassets in Resources */ = {isa = PBXBuildFile; fileRef = 18A3099E27C29A80003BECFF /* Assets.xcassets */; };
		18A309A227C29A80003BECFF /* LaunchScreen.storyboard in Resources */ = {isa = PBXBuildFile; fileRef = 18A309A027C29A80003BECFF /* LaunchScreen.storyboard */; };
		18A309AD27C29A80003BECFF /* FixsterTests.swift in Sources */ = {isa = PBXBuildFile; fileRef = 18A309AC27C29A80003BECFF /* FixsterTests.swift */; };
		18A309B727C29A80003BECFF /* FixsterUITests.swift in Sources */ = {isa = PBXBuildFile; fileRef = 18A309B627C29A80003BECFF /* FixsterUITests.swift */; };
		18A309B927C29A80003BECFF /* FixsterUITestsLaunchTests.swift in Sources */ = {isa = PBXBuildFile; fileRef = 18A309B827C29A80003BECFF /* FixsterUITestsLaunchTests.swift */; };
		18B4B44F27C4939E00866D7E /* MovieCell.swift in Sources */ = {isa = PBXBuildFile; fileRef = 18B4B44E27C4939E00866D7E /* MovieCell.swift */; };
		18B4B45227C4999C00866D7E /* AlamofireImage in Frameworks */ = {isa = PBXBuildFile; productRef = 18B4B45127C4999C00866D7E /* AlamofireImage */; };
		18DCC26627C708FD001541CA /* MovieDetailsViewController.swift in Sources */ = {isa = PBXBuildFile; fileRef = 18DCC26527C708FD001541CA /* MovieDetailsViewController.swift */; };
		6039C144F7AFA9462FDD8577 /* Pods_FixsterTests.framework in Frameworks */ = {isa = PBXBuildFile; fileRef = BAD73FA47BC81EAAC98A7ADB /* Pods_FixsterTests.framework */; };
		A463396EADB463C8C6ABCAF6 /* Pods_Fixster_FixsterUITests.framework in Frameworks */ = {isa = PBXBuildFile; fileRef = 840978CD6A4FDE2BCA086D5D /* Pods_Fixster_FixsterUITests.framework */; };
		EE862AED65A18B1FFA284B01 /* Pods_Fixster.framework in Frameworks */ = {isa = PBXBuildFile; fileRef = 88758B86177B51FE0758DEE5 /* Pods_Fixster.framework */; };
/* End PBXBuildFile section */

/* Begin PBXContainerItemProxy section */
		18A309A927C29A80003BECFF /* PBXContainerItemProxy */ = {
			isa = PBXContainerItemProxy;
			containerPortal = 18A3098A27C29A7F003BECFF /* Project object */;
			proxyType = 1;
			remoteGlobalIDString = 18A3099127C29A7F003BECFF;
			remoteInfo = Fixster;
		};
		18A309B327C29A80003BECFF /* PBXContainerItemProxy */ = {
			isa = PBXContainerItemProxy;
			containerPortal = 18A3098A27C29A7F003BECFF /* Project object */;
			proxyType = 1;
			remoteGlobalIDString = 18A3099127C29A7F003BECFF;
			remoteInfo = Fixster;
		};
/* End PBXContainerItemProxy section */

/* Begin PBXFileReference section */
		18073D42C0A483D85C59FDBE /* Pods-Fixster-FixsterUITests.release.xcconfig */ = {isa = PBXFileReference; includeInIndex = 1; lastKnownFileType = text.xcconfig; name = "Pods-Fixster-FixsterUITests.release.xcconfig"; path = "Target Support Files/Pods-Fixster-FixsterUITests/Pods-Fixster-FixsterUITests.release.xcconfig"; sourceTree = "<group>"; };
		184EFD4927C876D400096DBA /* MovieGridViewController.swift */ = {isa = PBXFileReference; lastKnownFileType = sourcecode.swift; path = MovieGridViewController.swift; sourceTree = "<group>"; };
		184EFD4B27C882BD00096DBA /* MovieGridCell.swift */ = {isa = PBXFileReference; lastKnownFileType = sourcecode.swift; path = MovieGridCell.swift; sourceTree = "<group>"; };
		18A3099227C29A7F003BECFF /* Fixster.app */ = {isa = PBXFileReference; explicitFileType = wrapper.application; includeInIndex = 0; path = Fixster.app; sourceTree = BUILT_PRODUCTS_DIR; };
		18A3099527C29A7F003BECFF /* AppDelegate.swift */ = {isa = PBXFileReference; lastKnownFileType = sourcecode.swift; path = AppDelegate.swift; sourceTree = "<group>"; };
		18A3099727C29A7F003BECFF /* SceneDelegate.swift */ = {isa = PBXFileReference; lastKnownFileType = sourcecode.swift; path = SceneDelegate.swift; sourceTree = "<group>"; };
		18A3099927C29A7F003BECFF /* MoviesViewController.swift */ = {isa = PBXFileReference; lastKnownFileType = sourcecode.swift; path = MoviesViewController.swift; sourceTree = "<group>"; };
		18A3099C27C29A7F003BECFF /* Base */ = {isa = PBXFileReference; lastKnownFileType = file.storyboard; name = Base; path = Base.lproj/Main.storyboard; sourceTree = "<group>"; };
		18A3099E27C29A80003BECFF /* Assets.xcassets */ = {isa = PBXFileReference; lastKnownFileType = folder.assetcatalog; path = Assets.xcassets; sourceTree = "<group>"; };
		18A309A127C29A80003BECFF /* Base */ = {isa = PBXFileReference; lastKnownFileType = file.storyboard; name = Base; path = Base.lproj/LaunchScreen.storyboard; sourceTree = "<group>"; };
		18A309A327C29A80003BECFF /* Info.plist */ = {isa = PBXFileReference; lastKnownFileType = text.plist.xml; path = Info.plist; sourceTree = "<group>"; };
		18A309A827C29A80003BECFF /* FixsterTests.xctest */ = {isa = PBXFileReference; explicitFileType = wrapper.cfbundle; includeInIndex = 0; path = FixsterTests.xctest; sourceTree = BUILT_PRODUCTS_DIR; };
		18A309AC27C29A80003BECFF /* FixsterTests.swift */ = {isa = PBXFileReference; lastKnownFileType = sourcecode.swift; path = FixsterTests.swift; sourceTree = "<group>"; };
		18A309B227C29A80003BECFF /* FixsterUITests.xctest */ = {isa = PBXFileReference; explicitFileType = wrapper.cfbundle; includeInIndex = 0; path = FixsterUITests.xctest; sourceTree = BUILT_PRODUCTS_DIR; };
		18A309B627C29A80003BECFF /* FixsterUITests.swift */ = {isa = PBXFileReference; lastKnownFileType = sourcecode.swift; path = FixsterUITests.swift; sourceTree = "<group>"; };
		18A309B827C29A80003BECFF /* FixsterUITestsLaunchTests.swift */ = {isa = PBXFileReference; lastKnownFileType = sourcecode.swift; path = FixsterUITestsLaunchTests.swift; sourceTree = "<group>"; };
		18B4B44E27C4939E00866D7E /* MovieCell.swift */ = {isa = PBXFileReference; lastKnownFileType = sourcecode.swift; path = MovieCell.swift; sourceTree = "<group>"; };
		18DCC26527C708FD001541CA /* MovieDetailsViewController.swift */ = {isa = PBXFileReference; lastKnownFileType = sourcecode.swift; path = MovieDetailsViewController.swift; sourceTree = "<group>"; };
		1F6980AE5EFB29F21B4C8B9D /* Pods-Fixster.debug.xcconfig */ = {isa = PBXFileReference; includeInIndex = 1; lastKnownFileType = text.xcconfig; name = "Pods-Fixster.debug.xcconfig"; path = "Target Support Files/Pods-Fixster/Pods-Fixster.debug.xcconfig"; sourceTree = "<group>"; };
		6AB207C19EBC75B13DF36062 /* Pods-FixsterTests.release.xcconfig */ = {isa = PBXFileReference; includeInIndex = 1; lastKnownFileType = text.xcconfig; name = "Pods-FixsterTests.release.xcconfig"; path = "Target Support Files/Pods-FixsterTests/Pods-FixsterTests.release.xcconfig"; sourceTree = "<group>"; };
		75B1D4D9D8DE9121BFB1B96E /* Pods-FixsterTests.debug.xcconfig */ = {isa = PBXFileReference; includeInIndex = 1; lastKnownFileType = text.xcconfig; name = "Pods-FixsterTests.debug.xcconfig"; path = "Target Support Files/Pods-FixsterTests/Pods-FixsterTests.debug.xcconfig"; sourceTree = "<group>"; };
		840978CD6A4FDE2BCA086D5D /* Pods_Fixster_FixsterUITests.framework */ = {isa = PBXFileReference; explicitFileType = wrapper.framework; includeInIndex = 0; path = Pods_Fixster_FixsterUITests.framework; sourceTree = BUILT_PRODUCTS_DIR; };
		88758B86177B51FE0758DEE5 /* Pods_Fixster.framework */ = {isa = PBXFileReference; explicitFileType = wrapper.framework; includeInIndex = 0; path = Pods_Fixster.framework; sourceTree = BUILT_PRODUCTS_DIR; };
		8A8DDBE78DB6FA15F29D2134 /* Pods-Fixster.release.xcconfig */ = {isa = PBXFileReference; includeInIndex = 1; lastKnownFileType = text.xcconfig; name = "Pods-Fixster.release.xcconfig"; path = "Target Support Files/Pods-Fixster/Pods-Fixster.release.xcconfig"; sourceTree = "<group>"; };
		BAD73FA47BC81EAAC98A7ADB /* Pods_FixsterTests.framework */ = {isa = PBXFileReference; explicitFileType = wrapper.framework; includeInIndex = 0; path = Pods_FixsterTests.framework; sourceTree = BUILT_PRODUCTS_DIR; };
		E39641C57449ED6EE734C7D0 /* Pods-Fixster-FixsterUITests.debug.xcconfig */ = {isa = PBXFileReference; includeInIndex = 1; lastKnownFileType = text.xcconfig; name = "Pods-Fixster-FixsterUITests.debug.xcconfig"; path = "Target Support Files/Pods-Fixster-FixsterUITests/Pods-Fixster-FixsterUITests.debug.xcconfig"; sourceTree = "<group>"; };
/* End PBXFileReference section */

/* Begin PBXFrameworksBuildPhase section */
		18A3098F27C29A7F003BECFF /* Frameworks */ = {
			isa = PBXFrameworksBuildPhase;
			buildActionMask = 2147483647;
			files = (
				18B4B45227C4999C00866D7E /* AlamofireImage in Frameworks */,
				EE862AED65A18B1FFA284B01 /* Pods_Fixster.framework in Frameworks */,
			);
			runOnlyForDeploymentPostprocessing = 0;
		};
		18A309A527C29A80003BECFF /* Frameworks */ = {
			isa = PBXFrameworksBuildPhase;
			buildActionMask = 2147483647;
			files = (
				6039C144F7AFA9462FDD8577 /* Pods_FixsterTests.framework in Frameworks */,
			);
			runOnlyForDeploymentPostprocessing = 0;
		};
		18A309AF27C29A80003BECFF /* Frameworks */ = {
			isa = PBXFrameworksBuildPhase;
			buildActionMask = 2147483647;
			files = (
				A463396EADB463C8C6ABCAF6 /* Pods_Fixster_FixsterUITests.framework in Frameworks */,
			);
			runOnlyForDeploymentPostprocessing = 0;
		};
/* End PBXFrameworksBuildPhase section */

/* Begin PBXGroup section */
		18A3098927C29A7F003BECFF = {
			isa = PBXGroup;
			children = (
				18A3099427C29A7F003BECFF /* Fixster */,
				18A309AB27C29A80003BECFF /* FixsterTests */,
				18A309B527C29A80003BECFF /* FixsterUITests */,
				18A3099327C29A7F003BECFF /* Products */,
				26CE386E8808325AA7227CD0 /* Pods */,
				6C69F5DECBD69DA3E00FA794 /* Frameworks */,
			);
			sourceTree = "<group>";
		};
		18A3099327C29A7F003BECFF /* Products */ = {
			isa = PBXGroup;
			children = (
				18A3099227C29A7F003BECFF /* Fixster.app */,
				18A309A827C29A80003BECFF /* FixsterTests.xctest */,
				18A309B227C29A80003BECFF /* FixsterUITests.xctest */,
			);
			name = Products;
			sourceTree = "<group>";
		};
		18A3099427C29A7F003BECFF /* Fixster */ = {
			isa = PBXGroup;
			children = (
				18A3099527C29A7F003BECFF /* AppDelegate.swift */,
				18A3099727C29A7F003BECFF /* SceneDelegate.swift */,
				18A3099927C29A7F003BECFF /* MoviesViewController.swift */,
				18DCC26527C708FD001541CA /* MovieDetailsViewController.swift */,
				184EFD4927C876D400096DBA /* MovieGridViewController.swift */,
				184EFD4B27C882BD00096DBA /* MovieGridCell.swift */,
				18B4B44E27C4939E00866D7E /* MovieCell.swift */,
				18A3099B27C29A7F003BECFF /* Main.storyboard */,
				18A3099E27C29A80003BECFF /* Assets.xcassets */,
				18A309A027C29A80003BECFF /* LaunchScreen.storyboard */,
				18A309A327C29A80003BECFF /* Info.plist */,
			);
			path = Fixster;
			sourceTree = "<group>";
		};
		18A309AB27C29A80003BECFF /* FixsterTests */ = {
			isa = PBXGroup;
			children = (
				18A309AC27C29A80003BECFF /* FixsterTests.swift */,
			);
			path = FixsterTests;
			sourceTree = "<group>";
		};
		18A309B527C29A80003BECFF /* FixsterUITests */ = {
			isa = PBXGroup;
			children = (
				18A309B627C29A80003BECFF /* FixsterUITests.swift */,
				18A309B827C29A80003BECFF /* FixsterUITestsLaunchTests.swift */,
			);
			path = FixsterUITests;
			sourceTree = "<group>";
		};
		26CE386E8808325AA7227CD0 /* Pods */ = {
			isa = PBXGroup;
			children = (
				1F6980AE5EFB29F21B4C8B9D /* Pods-Fixster.debug.xcconfig */,
				8A8DDBE78DB6FA15F29D2134 /* Pods-Fixster.release.xcconfig */,
				E39641C57449ED6EE734C7D0 /* Pods-Fixster-FixsterUITests.debug.xcconfig */,
				18073D42C0A483D85C59FDBE /* Pods-Fixster-FixsterUITests.release.xcconfig */,
				75B1D4D9D8DE9121BFB1B96E /* Pods-FixsterTests.debug.xcconfig */,
				6AB207C19EBC75B13DF36062 /* Pods-FixsterTests.release.xcconfig */,
			);
			path = Pods;
			sourceTree = "<group>";
		};
		6C69F5DECBD69DA3E00FA794 /* Frameworks */ = {
			isa = PBXGroup;
			children = (
				88758B86177B51FE0758DEE5 /* Pods_Fixster.framework */,
				840978CD6A4FDE2BCA086D5D /* Pods_Fixster_FixsterUITests.framework */,
				BAD73FA47BC81EAAC98A7ADB /* Pods_FixsterTests.framework */,
			);
			name = Frameworks;
			sourceTree = "<group>";
		};
/* End PBXGroup section */

/* Begin PBXNativeTarget section */
		18A3099127C29A7F003BECFF /* Fixster */ = {
			isa = PBXNativeTarget;
			buildConfigurationList = 18A309BC27C29A80003BECFF /* Build configuration list for PBXNativeTarget "Fixster" */;
			buildPhases = (
				F8B70EC41C4977FA7B56B1EA /* [CP] Check Pods Manifest.lock */,
				18A3098E27C29A7F003BECFF /* Sources */,
				18A3098F27C29A7F003BECFF /* Frameworks */,
				18A3099027C29A7F003BECFF /* Resources */,
				3AEDE9CFFDA0BD26164C2979 /* [CP] Embed Pods Frameworks */,
			);
			buildRules = (
			);
			dependencies = (
			);
			name = Fixster;
			packageProductDependencies = (
				18B4B45127C4999C00866D7E /* AlamofireImage */,
			);
			productName = Fixster;
			productReference = 18A3099227C29A7F003BECFF /* Fixster.app */;
			productType = "com.apple.product-type.application";
		};
		18A309A727C29A80003BECFF /* FixsterTests */ = {
			isa = PBXNativeTarget;
			buildConfigurationList = 18A309BF27C29A80003BECFF /* Build configuration list for PBXNativeTarget "FixsterTests" */;
			buildPhases = (
				84C6DEC12AE3790876657DFD /* [CP] Check Pods Manifest.lock */,
				18A309A427C29A80003BECFF /* Sources */,
				18A309A527C29A80003BECFF /* Frameworks */,
				18A309A627C29A80003BECFF /* Resources */,
			);
			buildRules = (
			);
			dependencies = (
				18A309AA27C29A80003BECFF /* PBXTargetDependency */,
			);
			name = FixsterTests;
			productName = FixsterTests;
			productReference = 18A309A827C29A80003BECFF /* FixsterTests.xctest */;
			productType = "com.apple.product-type.bundle.unit-test";
		};
		18A309B127C29A80003BECFF /* FixsterUITests */ = {
			isa = PBXNativeTarget;
			buildConfigurationList = 18A309C227C29A80003BECFF /* Build configuration list for PBXNativeTarget "FixsterUITests" */;
			buildPhases = (
				433A964AB03FECFA413D143F /* [CP] Check Pods Manifest.lock */,
				18A309AE27C29A80003BECFF /* Sources */,
				18A309AF27C29A80003BECFF /* Frameworks */,
				18A309B027C29A80003BECFF /* Resources */,
				75F8278BB1ACEA8617D35877 /* [CP] Embed Pods Frameworks */,
			);
			buildRules = (
			);
			dependencies = (
				18A309B427C29A80003BECFF /* PBXTargetDependency */,
			);
			name = FixsterUITests;
			productName = FixsterUITests;
			productReference = 18A309B227C29A80003BECFF /* FixsterUITests.xctest */;
			productType = "com.apple.product-type.bundle.ui-testing";
		};
/* End PBXNativeTarget section */

/* Begin PBXProject section */
		18A3098A27C29A7F003BECFF /* Project object */ = {
			isa = PBXProject;
			attributes = {
				BuildIndependentTargetsInParallel = 1;
				LastSwiftUpdateCheck = 1320;
				LastUpgradeCheck = 1320;
				TargetAttributes = {
					18A3099127C29A7F003BECFF = {
						CreatedOnToolsVersion = 13.2.1;
					};
					18A309A727C29A80003BECFF = {
						CreatedOnToolsVersion = 13.2.1;
						TestTargetID = 18A3099127C29A7F003BECFF;
					};
					18A309B127C29A80003BECFF = {
						CreatedOnToolsVersion = 13.2.1;
						TestTargetID = 18A3099127C29A7F003BECFF;
					};
				};
			};
			buildConfigurationList = 18A3098D27C29A7F003BECFF /* Build configuration list for PBXProject "Flix" */;
			compatibilityVersion = "Xcode 13.0";
			developmentRegion = en;
			hasScannedForEncodings = 0;
			knownRegions = (
				en,
				Base,
			);
			mainGroup = 18A3098927C29A7F003BECFF;
			packageReferences = (
				18B4B45027C4999C00866D7E /* XCRemoteSwiftPackageReference "AlamofireImage" */,
			);
			productRefGroup = 18A3099327C29A7F003BECFF /* Products */;
			projectDirPath = "";
			projectRoot = "";
			targets = (
				18A3099127C29A7F003BECFF /* Fixster */,
				18A309A727C29A80003BECFF /* FixsterTests */,
				18A309B127C29A80003BECFF /* FixsterUITests */,
			);
		};
/* End PBXProject section */

/* Begin PBXResourcesBuildPhase section */
		18A3099027C29A7F003BECFF /* Resources */ = {
			isa = PBXResourcesBuildPhase;
			buildActionMask = 2147483647;
			files = (
				18A309A227C29A80003BECFF /* LaunchScreen.storyboard in Resources */,
				18A3099F27C29A80003BECFF /* Assets.xcassets in Resources */,
				18A3099D27C29A7F003BECFF /* Main.storyboard in Resources */,
			);
			runOnlyForDeploymentPostprocessing = 0;
		};
		18A309A627C29A80003BECFF /* Resources */ = {
			isa = PBXResourcesBuildPhase;
			buildActionMask = 2147483647;
			files = (
			);
			runOnlyForDeploymentPostprocessing = 0;
		};
		18A309B027C29A80003BECFF /* Resources */ = {
			isa = PBXResourcesBuildPhase;
			buildActionMask = 2147483647;
			files = (
			);
			runOnlyForDeploymentPostprocessing = 0;
		};
/* End PBXResourcesBuildPhase section */

/* Begin PBXShellScriptBuildPhase section */
		3AEDE9CFFDA0BD26164C2979 /* [CP] Embed Pods Frameworks */ = {
			isa = PBXShellScriptBuildPhase;
			buildActionMask = 2147483647;
			files = (
			);
			inputFileListPaths = (
				"${PODS_ROOT}/Target Support Files/Pods-Fixster/Pods-Fixster-frameworks-${CONFIGURATION}-input-files.xcfilelist",
			);
			name = "[CP] Embed Pods Frameworks";
			outputFileListPaths = (
				"${PODS_ROOT}/Target Support Files/Pods-Fixster/Pods-Fixster-frameworks-${CONFIGURATION}-output-files.xcfilelist",
			);
			runOnlyForDeploymentPostprocessing = 0;
			shellPath = /bin/sh;
			shellScript = "\"${PODS_ROOT}/Target Support Files/Pods-Fixster/Pods-Fixster-frameworks.sh\"\n";
			showEnvVarsInLog = 0;
		};
		433A964AB03FECFA413D143F /* [CP] Check Pods Manifest.lock */ = {
			isa = PBXShellScriptBuildPhase;
			buildActionMask = 2147483647;
			files = (
			);
			inputFileListPaths = (
			);
			inputPaths = (
				"${PODS_PODFILE_DIR_PATH}/Podfile.lock",
				"${PODS_ROOT}/Manifest.lock",
			);
			name = "[CP] Check Pods Manifest.lock";
			outputFileListPaths = (
			);
			outputPaths = (
				"$(DERIVED_FILE_DIR)/Pods-Fixster-FixsterUITests-checkManifestLockResult.txt",
			);
			runOnlyForDeploymentPostprocessing = 0;
			shellPath = /bin/sh;
			shellScript = "diff \"${PODS_PODFILE_DIR_PATH}/Podfile.lock\" \"${PODS_ROOT}/Manifest.lock\" > /dev/null\nif [ $? != 0 ] ; then\n    # print error to STDERR\n    echo \"error: The sandbox is not in sync with the Podfile.lock. Run 'pod install' or update your CocoaPods installation.\" >&2\n    exit 1\nfi\n# This output is used by Xcode 'outputs' to avoid re-running this script phase.\necho \"SUCCESS\" > \"${SCRIPT_OUTPUT_FILE_0}\"\n";
			showEnvVarsInLog = 0;
		};
		75F8278BB1ACEA8617D35877 /* [CP] Embed Pods Frameworks */ = {
			isa = PBXShellScriptBuildPhase;
			buildActionMask = 2147483647;
			files = (
			);
			inputFileListPaths = (
				"${PODS_ROOT}/Target Support Files/Pods-Fixster-FixsterUITests/Pods-Fixster-FixsterUITests-frameworks-${CONFIGURATION}-input-files.xcfilelist",
			);
			name = "[CP] Embed Pods Frameworks";
			outputFileListPaths = (
				"${PODS_ROOT}/Target Support Files/Pods-Fixster-FixsterUITests/Pods-Fixster-FixsterUITests-frameworks-${CONFIGURATION}-output-files.xcfilelist",
			);
			runOnlyForDeploymentPostprocessing = 0;
			shellPath = /bin/sh;
			shellScript = "\"${PODS_ROOT}/Target Support Files/Pods-Fixster-FixsterUITests/Pods-Fixster-FixsterUITests-frameworks.sh\"\n";
			showEnvVarsInLog = 0;
		};
		84C6DEC12AE3790876657DFD /* [CP] Check Pods Manifest.lock */ = {
			isa = PBXShellScriptBuildPhase;
			buildActionMask = 2147483647;
			files = (
			);
			inputFileListPaths = (
			);
			inputPaths = (
				"${PODS_PODFILE_DIR_PATH}/Podfile.lock",
				"${PODS_ROOT}/Manifest.lock",
			);
			name = "[CP] Check Pods Manifest.lock";
			outputFileListPaths = (
			);
			outputPaths = (
				"$(DERIVED_FILE_DIR)/Pods-FixsterTests-checkManifestLockResult.txt",
			);
			runOnlyForDeploymentPostprocessing = 0;
			shellPath = /bin/sh;
			shellScript = "diff \"${PODS_PODFILE_DIR_PATH}/Podfile.lock\" \"${PODS_ROOT}/Manifest.lock\" > /dev/null\nif [ $? != 0 ] ; then\n    # print error to STDERR\n    echo \"error: The sandbox is not in sync with the Podfile.lock. Run 'pod install' or update your CocoaPods installation.\" >&2\n    exit 1\nfi\n# This output is used by Xcode 'outputs' to avoid re-running this script phase.\necho \"SUCCESS\" > \"${SCRIPT_OUTPUT_FILE_0}\"\n";
			showEnvVarsInLog = 0;
		};
		F8B70EC41C4977FA7B56B1EA /* [CP] Check Pods Manifest.lock */ = {
			isa = PBXShellScriptBuildPhase;
			buildActionMask = 2147483647;
			files = (
			);
			inputFileListPaths = (
			);
			inputPaths = (
				"${PODS_PODFILE_DIR_PATH}/Podfile.lock",
				"${PODS_ROOT}/Manifest.lock",
			);
			name = "[CP] Check Pods Manifest.lock";
			outputFileListPaths = (
			);
			outputPaths = (
				"$(DERIVED_FILE_DIR)/Pods-Fixster-checkManifestLockResult.txt",
			);
			runOnlyForDeploymentPostprocessing = 0;
			shellPath = /bin/sh;
			shellScript = "diff \"${PODS_PODFILE_DIR_PATH}/Podfile.lock\" \"${PODS_ROOT}/Manifest.lock\" > /dev/null\nif [ $? != 0 ] ; then\n    # print error to STDERR\n    echo \"error: The sandbox is not in sync with the Podfile.lock. Run 'pod install' or update your CocoaPods installation.\" >&2\n    exit 1\nfi\n# This output is used by Xcode 'outputs' to avoid re-running this script phase.\necho \"SUCCESS\" > \"${SCRIPT_OUTPUT_FILE_0}\"\n";
			showEnvVarsInLog = 0;
		};
/* End PBXShellScriptBuildPhase section */

/* Begin PBXSourcesBuildPhase section */
		18A3098E27C29A7F003BECFF /* Sources */ = {
			isa = PBXSourcesBuildPhase;
			buildActionMask = 2147483647;
			files = (
				18DCC26627C708FD001541CA /* MovieDetailsViewController.swift in Sources */,
				18A3099A27C29A7F003BECFF /* MoviesViewController.swift in Sources */,
				18A3099627C29A7F003BECFF /* AppDelegate.swift in Sources */,
				18B4B44F27C4939E00866D7E /* MovieCell.swift in Sources */,
				18A3099827C29A7F003BECFF /* SceneDelegate.swift in Sources */,
				184EFD4A27C876D400096DBA /* MovieGridViewController.swift in Sources */,
				184EFD4C27C882BD00096DBA /* MovieGridCell.swift in Sources */,
			);
			runOnlyForDeploymentPostprocessing = 0;
		};
		18A309A427C29A80003BECFF /* Sources */ = {
			isa = PBXSourcesBuildPhase;
			buildActionMask = 2147483647;
			files = (
				18A309AD27C29A80003BECFF /* FixsterTests.swift in Sources */,
			);
			runOnlyForDeploymentPostprocessing = 0;
		};
		18A309AE27C29A80003BECFF /* Sources */ = {
			isa = PBXSourcesBuildPhase;
			buildActionMask = 2147483647;
			files = (
				18A309B927C29A80003BECFF /* FixsterUITestsLaunchTests.swift in Sources */,
				18A309B727C29A80003BECFF /* FixsterUITests.swift in Sources */,
			);
			runOnlyForDeploymentPostprocessing = 0;
		};
/* End PBXSourcesBuildPhase section */

/* Begin PBXTargetDependency section */
		18A309AA27C29A80003BECFF /* PBXTargetDependency */ = {
			isa = PBXTargetDependency;
			target = 18A3099127C29A7F003BECFF /* Fixster */;
			targetProxy = 18A309A927C29A80003BECFF /* PBXContainerItemProxy */;
		};
		18A309B427C29A80003BECFF /* PBXTargetDependency */ = {
			isa = PBXTargetDependency;
			target = 18A3099127C29A7F003BECFF /* Fixster */;
			targetProxy = 18A309B327C29A80003BECFF /* PBXContainerItemProxy */;
		};
/* End PBXTargetDependency section */

/* Begin PBXVariantGroup section */
		18A3099B27C29A7F003BECFF /* Main.storyboard */ = {
			isa = PBXVariantGroup;
			children = (
				18A3099C27C29A7F003BECFF /* Base */,
			);
			name = Main.storyboard;
			sourceTree = "<group>";
		};
		18A309A027C29A80003BECFF /* LaunchScreen.storyboard */ = {
			isa = PBXVariantGroup;
			children = (
				18A309A127C29A80003BECFF /* Base */,
			);
			name = LaunchScreen.storyboard;
			sourceTree = "<group>";
		};
/* End PBXVariantGroup section */

/* Begin XCBuildConfiguration section */
		18A309BA27C29A80003BECFF /* Debug */ = {
			isa = XCBuildConfiguration;
			buildSettings = {
				ALWAYS_SEARCH_USER_PATHS = NO;
				CLANG_ANALYZER_NONNULL = YES;
				CLANG_ANALYZER_NUMBER_OBJECT_CONVERSION = YES_AGGRESSIVE;
				CLANG_CXX_LANGUAGE_STANDARD = "gnu++17";
				CLANG_CXX_LIBRARY = "libc++";
				CLANG_ENABLE_MODULES = YES;
				CLANG_ENABLE_OBJC_ARC = YES;
				CLANG_ENABLE_OBJC_WEAK = YES;
				CLANG_WARN_BLOCK_CAPTURE_AUTORELEASING = YES;
				CLANG_WARN_BOOL_CONVERSION = YES;
				CLANG_WARN_COMMA = YES;
				CLANG_WARN_CONSTANT_CONVERSION = YES;
				CLANG_WARN_DEPRECATED_OBJC_IMPLEMENTATIONS = YES;
				CLANG_WARN_DIRECT_OBJC_ISA_USAGE = YES_ERROR;
				CLANG_WARN_DOCUMENTATION_COMMENTS = YES;
				CLANG_WARN_EMPTY_BODY = YES;
				CLANG_WARN_ENUM_CONVERSION = YES;
				CLANG_WARN_INFINITE_RECURSION = YES;
				CLANG_WARN_INT_CONVERSION = YES;
				CLANG_WARN_NON_LITERAL_NULL_CONVERSION = YES;
				CLANG_WARN_OBJC_IMPLICIT_RETAIN_SELF = YES;
				CLANG_WARN_OBJC_LITERAL_CONVERSION = YES;
				CLANG_WARN_OBJC_ROOT_CLASS = YES_ERROR;
				CLANG_WARN_QUOTED_INCLUDE_IN_FRAMEWORK_HEADER = YES;
				CLANG_WARN_RANGE_LOOP_ANALYSIS = YES;
				CLANG_WARN_STRICT_PROTOTYPES = YES;
				CLANG_WARN_SUSPICIOUS_MOVE = YES;
				CLANG_WARN_UNGUARDED_AVAILABILITY = YES_AGGRESSIVE;
				CLANG_WARN_UNREACHABLE_CODE = YES;
				CLANG_WARN__DUPLICATE_METHOD_MATCH = YES;
				COPY_PHASE_STRIP = NO;
				DEBUG_INFORMATION_FORMAT = dwarf;
				ENABLE_STRICT_OBJC_MSGSEND = YES;
				ENABLE_TESTABILITY = YES;
				GCC_C_LANGUAGE_STANDARD = gnu11;
				GCC_DYNAMIC_NO_PIC = NO;
				GCC_NO_COMMON_BLOCKS = YES;
				GCC_OPTIMIZATION_LEVEL = 0;
				GCC_PREPROCESSOR_DEFINITIONS = (
					"DEBUG=1",
					"$(inherited)",
				);
				GCC_WARN_64_TO_32_BIT_CONVERSION = YES;
				GCC_WARN_ABOUT_RETURN_TYPE = YES_ERROR;
				GCC_WARN_UNDECLARED_SELECTOR = YES;
				GCC_WARN_UNINITIALIZED_AUTOS = YES_AGGRESSIVE;
				GCC_WARN_UNUSED_FUNCTION = YES;
				GCC_WARN_UNUSED_VARIABLE = YES;
				IPHONEOS_DEPLOYMENT_TARGET = 15.2;
				MTL_ENABLE_DEBUG_INFO = INCLUDE_SOURCE;
				MTL_FAST_MATH = YES;
				ONLY_ACTIVE_ARCH = YES;
				SDKROOT = iphoneos;
				SWIFT_ACTIVE_COMPILATION_CONDITIONS = DEBUG;
				SWIFT_OPTIMIZATION_LEVEL = "-Onone";
			};
			name = Debug;
		};
		18A309BB27C29A80003BECFF /* Release */ = {
			isa = XCBuildConfiguration;
			buildSettings = {
				ALWAYS_SEARCH_USER_PATHS = NO;
				CLANG_ANALYZER_NONNULL = YES;
				CLANG_ANALYZER_NUMBER_OBJECT_CONVERSION = YES_AGGRESSIVE;
				CLANG_CXX_LANGUAGE_STANDARD = "gnu++17";
				CLANG_CXX_LIBRARY = "libc++";
				CLANG_ENABLE_MODULES = YES;
				CLANG_ENABLE_OBJC_ARC = YES;
				CLANG_ENABLE_OBJC_WEAK = YES;
				CLANG_WARN_BLOCK_CAPTURE_AUTORELEASING = YES;
				CLANG_WARN_BOOL_CONVERSION = YES;
				CLANG_WARN_COMMA = YES;
				CLANG_WARN_CONSTANT_CONVERSION = YES;
				CLANG_WARN_DEPRECATED_OBJC_IMPLEMENTATIONS = YES;
				CLANG_WARN_DIRECT_OBJC_ISA_USAGE = YES_ERROR;
				CLANG_WARN_DOCUMENTATION_COMMENTS = YES;
				CLANG_WARN_EMPTY_BODY = YES;
				CLANG_WARN_ENUM_CONVERSION = YES;
				CLANG_WARN_INFINITE_RECURSION = YES;
				CLANG_WARN_INT_CONVERSION = YES;
				CLANG_WARN_NON_LITERAL_NULL_CONVERSION = YES;
				CLANG_WARN_OBJC_IMPLICIT_RETAIN_SELF = YES;
				CLANG_WARN_OBJC_LITERAL_CONVERSION = YES;
				CLANG_WARN_OBJC_ROOT_CLASS = YES_ERROR;
				CLANG_WARN_QUOTED_INCLUDE_IN_FRAMEWORK_HEADER = YES;
				CLANG_WARN_RANGE_LOOP_ANALYSIS = YES;
				CLANG_WARN_STRICT_PROTOTYPES = YES;
				CLANG_WARN_SUSPICIOUS_MOVE = YES;
				CLANG_WARN_UNGUARDED_AVAILABILITY = YES_AGGRESSIVE;
				CLANG_WARN_UNREACHABLE_CODE = YES;
				CLANG_WARN__DUPLICATE_METHOD_MATCH = YES;
				COPY_PHASE_STRIP = NO;
				DEBUG_INFORMATION_FORMAT = "dwarf-with-dsym";
				ENABLE_NS_ASSERTIONS = NO;
				ENABLE_STRICT_OBJC_MSGSEND = YES;
				GCC_C_LANGUAGE_STANDARD = gnu11;
				GCC_NO_COMMON_BLOCKS = YES;
				GCC_WARN_64_TO_32_BIT_CONVERSION = YES;
				GCC_WARN_ABOUT_RETURN_TYPE = YES_ERROR;
				GCC_WARN_UNDECLARED_SELECTOR = YES;
				GCC_WARN_UNINITIALIZED_AUTOS = YES_AGGRESSIVE;
				GCC_WARN_UNUSED_FUNCTION = YES;
				GCC_WARN_UNUSED_VARIABLE = YES;
				IPHONEOS_DEPLOYMENT_TARGET = 15.2;
				MTL_ENABLE_DEBUG_INFO = NO;
				MTL_FAST_MATH = YES;
				SDKROOT = iphoneos;
				SWIFT_COMPILATION_MODE = wholemodule;
				SWIFT_OPTIMIZATION_LEVEL = "-O";
				VALIDATE_PRODUCT = YES;
			};
			name = Release;
		};
		18A309BD27C29A80003BECFF /* Debug */ = {
			isa = XCBuildConfiguration;
			baseConfigurationReference = 1F6980AE5EFB29F21B4C8B9D /* Pods-Fixster.debug.xcconfig */;
			buildSettings = {
				ASSETCATALOG_COMPILER_APPICON_NAME = AppIcon;
				ASSETCATALOG_COMPILER_GLOBAL_ACCENT_COLOR_NAME = AccentColor;
				CODE_SIGN_STYLE = Automatic;
				CURRENT_PROJECT_VERSION = 1;
				DEVELOPMENT_TEAM = 6XCF94J9C5;
				GENERATE_INFOPLIST_FILE = YES;
				INFOPLIST_FILE = Fixster/Info.plist;
				INFOPLIST_KEY_UIApplicationSupportsIndirectInputEvents = YES;
				INFOPLIST_KEY_UILaunchStoryboardName = LaunchScreen;
				INFOPLIST_KEY_UIMainStoryboardFile = Main;
				INFOPLIST_KEY_UISupportedInterfaceOrientations_iPad = "UIInterfaceOrientationPortrait UIInterfaceOrientationPortraitUpsideDown UIInterfaceOrientationLandscapeLeft UIInterfaceOrientationLandscapeRight";
				INFOPLIST_KEY_UISupportedInterfaceOrientations_iPhone = "UIInterfaceOrientationPortrait UIInterfaceOrientationLandscapeLeft UIInterfaceOrientationLandscapeRight";
				LD_RUNPATH_SEARCH_PATHS = (
					"$(inherited)",
					"@executable_path/Frameworks",
				);
				MARKETING_VERSION = 1.0;
				PRODUCT_BUNDLE_IDENTIFIER = "memo.com.flixster.noor-earpy.Fixster";
				PRODUCT_NAME = "$(TARGET_NAME)";
				SWIFT_EMIT_LOC_STRINGS = YES;
				SWIFT_VERSION = 5.0;
				TARGETED_DEVICE_FAMILY = "1,2";
			};
			name = Debug;
		};
		18A309BE27C29A80003BECFF /* Release */ = {
			isa = XCBuildConfiguration;
			baseConfigurationReference = 8A8DDBE78DB6FA15F29D2134 /* Pods-Fixster.release.xcconfig */;
			buildSettings = {
				ASSETCATALOG_COMPILER_APPICON_NAME = AppIcon;
				ASSETCATALOG_COMPILER_GLOBAL_ACCENT_COLOR_NAME = AccentColor;
				CODE_SIGN_STYLE = Automatic;
				CURRENT_PROJECT_VERSION = 1;
				DEVELOPMENT_TEAM = 6XCF94J9C5;
				GENERATE_INFOPLIST_FILE = YES;
				INFOPLIST_FILE = Fixster/Info.plist;
				INFOPLIST_KEY_UIApplicationSupportsIndirectInputEvents = YES;
				INFOPLIST_KEY_UILaunchStoryboardName = LaunchScreen;
				INFOPLIST_KEY_UIMainStoryboardFile = Main;
				INFOPLIST_KEY_UISupportedInterfaceOrientations_iPad = "UIInterfaceOrientationPortrait UIInterfaceOrientationPortraitUpsideDown UIInterfaceOrientationLandscapeLeft UIInterfaceOrientationLandscapeRight";
				INFOPLIST_KEY_UISupportedInterfaceOrientations_iPhone = "UIInterfaceOrientationPortrait UIInterfaceOrientationLandscapeLeft UIInterfaceOrientationLandscapeRight";
				LD_RUNPATH_SEARCH_PATHS = (
					"$(inherited)",
					"@executable_path/Frameworks",
				);
				MARKETING_VERSION = 1.0;
				PRODUCT_BUNDLE_IDENTIFIER = "memo.com.flixster.noor-earpy.Fixster";
				PRODUCT_NAME = "$(TARGET_NAME)";
				SWIFT_EMIT_LOC_STRINGS = YES;
				SWIFT_VERSION = 5.0;
				TARGETED_DEVICE_FAMILY = "1,2";
			};
			name = Release;
		};
		18A309C027C29A80003BECFF /* Debug */ = {
			isa = XCBuildConfiguration;
			baseConfigurationReference = 75B1D4D9D8DE9121BFB1B96E /* Pods-FixsterTests.debug.xcconfig */;
			buildSettings = {
				ALWAYS_EMBED_SWIFT_STANDARD_LIBRARIES = YES;
				BUNDLE_LOADER = "$(TEST_HOST)";
				CODE_SIGN_STYLE = Automatic;
				CURRENT_PROJECT_VERSION = 1;
				DEVELOPMENT_TEAM = 6XCF94J9C5;
				GENERATE_INFOPLIST_FILE = YES;
				IPHONEOS_DEPLOYMENT_TARGET = 15.2;
				MARKETING_VERSION = 1.0;
				PRODUCT_BUNDLE_IDENTIFIER = "memo.com.flixster.noor-earpy.FixsterTests";
				PRODUCT_NAME = "$(TARGET_NAME)";
				SWIFT_EMIT_LOC_STRINGS = NO;
				SWIFT_VERSION = 5.0;
				TARGETED_DEVICE_FAMILY = "1,2";
				TEST_HOST = "$(BUILT_PRODUCTS_DIR)/Fixster.app/Fixster";
			};
			name = Debug;
		};
		18A309C127C29A80003BECFF /* Release */ = {
			isa = XCBuildConfiguration;
			baseConfigurationReference = 6AB207C19EBC75B13DF36062 /* Pods-FixsterTests.release.xcconfig */;
			buildSettings = {
				ALWAYS_EMBED_SWIFT_STANDARD_LIBRARIES = YES;
				BUNDLE_LOADER = "$(TEST_HOST)";
				CODE_SIGN_STYLE = Automatic;
				CURRENT_PROJECT_VERSION = 1;
				DEVELOPMENT_TEAM = 6XCF94J9C5;
				GENERATE_INFOPLIST_FILE = YES;
				IPHONEOS_DEPLOYMENT_TARGET = 15.2;
				MARKETING_VERSION = 1.0;
				PRODUCT_BUNDLE_IDENTIFIER = "memo.com.flixster.noor-earpy.FixsterTests";
				PRODUCT_NAME = "$(TARGET_NAME)";
				SWIFT_EMIT_LOC_STRINGS = NO;
				SWIFT_VERSION = 5.0;
				TARGETED_DEVICE_FAMILY = "1,2";
				TEST_HOST = "$(BUILT_PRODUCTS_DIR)/Fixster.app/Fixster";
			};
			name = Release;
		};
		18A309C327C29A80003BECFF /* Debug */ = {
			isa = XCBuildConfiguration;
			baseConfigurationReference = E39641C57449ED6EE734C7D0 /* Pods-Fixster-FixsterUITests.debug.xcconfig */;
			buildSettings = {
				ALWAYS_EMBED_SWIFT_STANDARD_LIBRARIES = YES;
				CODE_SIGN_STYLE = Automatic;
				CURRENT_PROJECT_VERSION = 1;
				DEVELOPMENT_TEAM = 6XCF94J9C5;
				GENERATE_INFOPLIST_FILE = YES;
				MARKETING_VERSION = 1.0;
				PRODUCT_BUNDLE_IDENTIFIER = "memo.com.flixster.noor-earpy.FixsterUITests";
				PRODUCT_NAME = "$(TARGET_NAME)";
				SWIFT_EMIT_LOC_STRINGS = NO;
				SWIFT_VERSION = 5.0;
				TARGETED_DEVICE_FAMILY = "1,2";
				TEST_TARGET_NAME = Fixster;
			};
			name = Debug;
		};
		18A309C427C29A80003BECFF /* Release */ = {
			isa = XCBuildConfiguration;
			baseConfigurationReference = 18073D42C0A483D85C59FDBE /* Pods-Fixster-FixsterUITests.release.xcconfig */;
			buildSettings = {
				ALWAYS_EMBED_SWIFT_STANDARD_LIBRARIES = YES;
				CODE_SIGN_STYLE = Automatic;
				CURRENT_PROJECT_VERSION = 1;
				DEVELOPMENT_TEAM = 6XCF94J9C5;
				GENERATE_INFOPLIST_FILE = YES;
				MARKETING_VERSION = 1.0;
				PRODUCT_BUNDLE_IDENTIFIER = "memo.com.flixster.noor-earpy.FixsterUITests";
				PRODUCT_NAME = "$(TARGET_NAME)";
				SWIFT_EMIT_LOC_STRINGS = NO;
				SWIFT_VERSION = 5.0;
				TARGETED_DEVICE_FAMILY = "1,2";
				TEST_TARGET_NAME = Fixster;
			};
			name = Release;
		};
/* End XCBuildConfiguration section */

/* Begin XCConfigurationList section */
		18A3098D27C29A7F003BECFF /* Build configuration list for PBXProject "Flix" */ = {
			isa = XCConfigurationList;
			buildConfigurations = (
				18A309BA27C29A80003BECFF /* Debug */,
				18A309BB27C29A80003BECFF /* Release */,
			);
			defaultConfigurationIsVisible = 0;
			defaultConfigurationName = Release;
		};
		18A309BC27C29A80003BECFF /* Build configuration list for PBXNativeTarget "Fixster" */ = {
			isa = XCConfigurationList;
			buildConfigurations = (
				18A309BD27C29A80003BECFF /* Debug */,
				18A309BE27C29A80003BECFF /* Release */,
			);
			defaultConfigurationIsVisible = 0;
			defaultConfigurationName = Release;
		};
		18A309BF27C29A80003BECFF /* Build configuration list for PBXNativeTarget "FixsterTests" */ = {
			isa = XCConfigurationList;
			buildConfigurations = (
				18A309C027C29A80003BECFF /* Debug */,
				18A309C127C29A80003BECFF /* Release */,
			);
			defaultConfigurationIsVisible = 0;
			defaultConfigurationName = Release;
		};
		18A309C227C29A80003BECFF /* Build configuration list for PBXNativeTarget "FixsterUITests" */ = {
			isa = XCConfigurationList;
			buildConfigurations = (
				18A309C327C29A80003BECFF /* Debug */,
				18A309C427C29A80003BECFF /* Release */,
			);
			defaultConfigurationIsVisible = 0;
			defaultConfigurationName = Release;
		};
/* End XCConfigurationList section */

/* Begin XCRemoteSwiftPackageReference section */
		18B4B45027C4999C00866D7E /* XCRemoteSwiftPackageReference "AlamofireImage" */ = {
			isa = XCRemoteSwiftPackageReference;
			repositoryURL = "https://github.com/Alamofire/AlamofireImage";
			requirement = {
				kind = upToNextMajorVersion;
				minimumVersion = 4.0.0;
			};
		};
/* End XCRemoteSwiftPackageReference section */

/* Begin XCSwiftPackageProductDependency section */
		18B4B45127C4999C00866D7E /* AlamofireImage */ = {
			isa = XCSwiftPackageProductDependency;
			package = 18B4B45027C4999C00866D7E /* XCRemoteSwiftPackageReference "AlamofireImage" */;
			productName = AlamofireImage;
		};
/* End XCSwiftPackageProductDependency section */
	};
	rootObject = 18A3098A27C29A7F003BECFF /* Project object */;
}
